
Microsoft Visual Studio Solution File, Format Version 12.00
# Visual Studio Version 17
VisualStudioVersion = 17.6.33801.468
MinimumVisualStudioVersion = 10.0.40219.1
Project("{FAE04EC0-301F-11D3-BF4B-00C04F79EFBC}") = "Gmap", "Gmap\Gmap.csproj", "{7EB31424-81D4-4D96-AB09-7FB5DF3086EC}"
EndProject
Global
	GlobalSection(SolutionConfigurationPlatforms) = preSolution
		Debug|Any CPU = Debug|Any CPU
		Release|Any CPU = Release|Any CPU
	EndGlobalSection
	GlobalSection(ProjectConfigurationPlatforms) = postSolution
		{7EB31424-81D4-4D96-AB09-7FB5DF3086EC}.Debug|Any CPU.ActiveCfg = Debug|Any CPU
		{7EB31424-81D4-4D96-AB09-7FB5DF3086EC}.Debug|Any CPU.Build.0 = Debug|Any CPU
		{7EB31424-81D4-4D96-AB09-7FB5DF3086EC}.Release|Any CPU.ActiveCfg = Release|Any CPU
		{7EB31424-81D4-4D96-AB09-7FB5DF3086EC}.Release|Any CPU.Build.0 = Release|Any CPU
	EndGlobalSection
	GlobalSection(SolutionProperties) = preSolution
		HideSolutionNode = FALSE
	EndGlobalSection
	GlobalSection(ExtensibilityGlobals) = postSolution
		SolutionGuid = {9A47288B-0878-4313-A5DE-2EFC41DD0D43}
	EndGlobalSection
EndGlobal
